
Microsoft Visual Studio Solution File, Format Version 12.00
# Visual Studio Version 17
VisualStudioVersion = 17.1.32328.378
MinimumVisualStudioVersion = 10.0.40219.1
Project("{9A19103F-16F7-4668-BE54-9A1E7A4F7556}") = "Ecommerce.Catalog", "Ecommerce.Catalog\Ecommerce.Catalog.csproj", "{2990FAC1-9FC6-4D0D-B241-3D29B1E54652}"
EndProject
Project("{E53339B2-1760-4266-BCC7-CA923CBCF16C}") = "docker-compose", "docker-compose.dcproj", "{3431F05C-3BFC-42DF-82CF-65B3037423E1}"
EndProject
Project("{9A19103F-16F7-4668-BE54-9A1E7A4F7556}") = "Ecommerce.Catalog.Messaging", "Ecommerce.Catalog.Messaging\Ecommerce.Catalog.Messaging.csproj", "{AF83953A-327D-47E4-BA04-7739C09F05C6}"
EndProject
Project("{9A19103F-16F7-4668-BE54-9A1E7A4F7556}") = "Ecommerce.Catalog.Worker", "Ecommerce.Catalog.Worker\Ecommerce.Catalog.Worker.csproj", "{A9236D24-3B64-4635-B02A-3E30420A28F7}"
EndProject
Project("{9A19103F-16F7-4668-BE54-9A1E7A4F7556}") = "Ecommerce.Worker.Library", "Ecommerce.Worker.Library\Ecommerce.Worker.Library.csproj", "{C2AD371E-B604-4089-956E-F5A757CC3412}"
EndProject
Project("{9A19103F-16F7-4668-BE54-9A1E7A4F7556}") = "Ecommerce.Infraestructure.IdGenerator", "Ecommerce.Infraestructure.IdGenerator\Ecommerce.Infraestructure.IdGenerator.csproj", "{2E0A848A-CD78-4678-8ED0-F9065578FFC8}"
EndProject
Project("{FAE04EC0-301F-11D3-BF4B-00C04F79EFBC}") = "Ecommerce.Infraestructure", "Ecommerce.Infraestructure\Ecommerce.Infraestructure.csproj", "{3894272C-D2F7-40F2-9426-699BFF32B91C}"
EndProject
Global
	GlobalSection(SolutionConfigurationPlatforms) = preSolution
		Debug|Any CPU = Debug|Any CPU
		Release|Any CPU = Release|Any CPU
	EndGlobalSection
	GlobalSection(ProjectConfigurationPlatforms) = postSolution
		{2990FAC1-9FC6-4D0D-B241-3D29B1E54652}.Debug|Any CPU.ActiveCfg = Debug|Any CPU
		{2990FAC1-9FC6-4D0D-B241-3D29B1E54652}.Debug|Any CPU.Build.0 = Debug|Any CPU
		{2990FAC1-9FC6-4D0D-B241-3D29B1E54652}.Release|Any CPU.ActiveCfg = Release|Any CPU
		{2990FAC1-9FC6-4D0D-B241-3D29B1E54652}.Release|Any CPU.Build.0 = Release|Any CPU
		{3431F05C-3BFC-42DF-82CF-65B3037423E1}.Debug|Any CPU.ActiveCfg = Debug|Any CPU
		{3431F05C-3BFC-42DF-82CF-65B3037423E1}.Debug|Any CPU.Build.0 = Debug|Any CPU
		{3431F05C-3BFC-42DF-82CF-65B3037423E1}.Release|Any CPU.ActiveCfg = Release|Any CPU
		{3431F05C-3BFC-42DF-82CF-65B3037423E1}.Release|Any CPU.Build.0 = Release|Any CPU
		{AF83953A-327D-47E4-BA04-7739C09F05C6}.Debug|Any CPU.ActiveCfg = Debug|Any CPU
		{AF83953A-327D-47E4-BA04-7739C09F05C6}.Debug|Any CPU.Build.0 = Debug|Any CPU
		{AF83953A-327D-47E4-BA04-7739C09F05C6}.Release|Any CPU.ActiveCfg = Release|Any CPU
		{AF83953A-327D-47E4-BA04-7739C09F05C6}.Release|Any CPU.Build.0 = Release|Any CPU
		{A9236D24-3B64-4635-B02A-3E30420A28F7}.Debug|Any CPU.ActiveCfg = Debug|Any CPU
		{A9236D24-3B64-4635-B02A-3E30420A28F7}.Debug|Any CPU.Build.0 = Debug|Any CPU
		{A9236D24-3B64-4635-B02A-3E30420A28F7}.Release|Any CPU.ActiveCfg = Release|Any CPU
		{A9236D24-3B64-4635-B02A-3E30420A28F7}.Release|Any CPU.Build.0 = Release|Any CPU
		{C2AD371E-B604-4089-956E-F5A757CC3412}.Debug|Any CPU.ActiveCfg = Debug|Any CPU
		{C2AD371E-B604-4089-956E-F5A757CC3412}.Debug|Any CPU.Build.0 = Debug|Any CPU
		{C2AD371E-B604-4089-956E-F5A757CC3412}.Release|Any CPU.ActiveCfg = Release|Any CPU
		{C2AD371E-B604-4089-956E-F5A757CC3412}.Release|Any CPU.Build.0 = Release|Any CPU
		{2E0A848A-CD78-4678-8ED0-F9065578FFC8}.Debug|Any CPU.ActiveCfg = Debug|Any CPU
		{2E0A848A-CD78-4678-8ED0-F9065578FFC8}.Debug|Any CPU.Build.0 = Debug|Any CPU
		{2E0A848A-CD78-4678-8ED0-F9065578FFC8}.Release|Any CPU.ActiveCfg = Release|Any CPU
		{2E0A848A-CD78-4678-8ED0-F9065578FFC8}.Release|Any CPU.Build.0 = Release|Any CPU
		{3894272C-D2F7-40F2-9426-699BFF32B91C}.Debug|Any CPU.ActiveCfg = Debug|Any CPU
		{3894272C-D2F7-40F2-9426-699BFF32B91C}.Debug|Any CPU.Build.0 = Debug|Any CPU
		{3894272C-D2F7-40F2-9426-699BFF32B91C}.Release|Any CPU.ActiveCfg = Release|Any CPU
		{3894272C-D2F7-40F2-9426-699BFF32B91C}.Release|Any CPU.Build.0 = Release|Any CPU
	EndGlobalSection
	GlobalSection(SolutionProperties) = preSolution
		HideSolutionNode = FALSE
	EndGlobalSection
	GlobalSection(ExtensibilityGlobals) = postSolution
		SolutionGuid = {9F719149-FE73-478E-BA64-E2DBB54E4014}
	EndGlobalSection
EndGlobal
